
Microsoft Visual Studio Solution File, Format Version 12.00
# Visual Studio Version 16
VisualStudioVersion = 16.0.809.10
MinimumVisualStudioVersion = 10.0.40219.1
Project("{FAE04EC0-301F-11D3-BF4B-00C04F79EFBC}") = "StockTest", "StockTest\StockTest.csproj", "{418EC449-EC58-4408-9AC0-61B22DF0BABA}"
EndProject
Global
	GlobalSection(SolutionConfigurationPlatforms) = preSolution
		Debug|Any CPU = Debug|Any CPU
		Release|Any CPU = Release|Any CPU
	EndGlobalSection
	GlobalSection(ProjectConfigurationPlatforms) = postSolution
		{418EC449-EC58-4408-9AC0-61B22DF0BABA}.Debug|Any CPU.ActiveCfg = Debug|Any CPU
		{418EC449-EC58-4408-9AC0-61B22DF0BABA}.Debug|Any CPU.Build.0 = Debug|Any CPU
		{418EC449-EC58-4408-9AC0-61B22DF0BABA}.Release|Any CPU.ActiveCfg = Release|Any CPU
		{418EC449-EC58-4408-9AC0-61B22DF0BABA}.Release|Any CPU.Build.0 = Release|Any CPU
	EndGlobalSection
	GlobalSection(SolutionProperties) = preSolution
		HideSolutionNode = FALSE
	EndGlobalSection
	GlobalSection(ExtensibilityGlobals) = postSolution
		SolutionGuid = {EDEDC5E8-5149-4503-BC53-68EE5DDE8D9C}
	EndGlobalSection
EndGlobal
